
Microsoft Visual Studio Solution File, Format Version 12.00
# Visual Studio Version 17
VisualStudioVersion = 17.14.36603.0 d17.14
MinimumVisualStudioVersion = 10.0.40219.1
Project("{FAE04EC0-301F-11D3-BF4B-00C04F79EFBC}") = "E-Commerce.Web", "E-Commerce.Web\E-Commerce.Web.csproj", "{43823D26-29E2-44D5-957E-9298EC2FD9C6}"
EndProject
Global
	GlobalSection(SolutionConfigurationPlatforms) = preSolution
		Debug|Any CPU = Debug|Any CPU
		Release|Any CPU = Release|Any CPU
	EndGlobalSection
	GlobalSection(ProjectConfigurationPlatforms) = postSolution
		{43823D26-29E2-44D5-957E-9298EC2FD9C6}.Debug|Any CPU.ActiveCfg = Debug|Any CPU
		{43823D26-29E2-44D5-957E-9298EC2FD9C6}.Debug|Any CPU.Build.0 = Debug|Any CPU
		{43823D26-29E2-44D5-957E-9298EC2FD9C6}.Release|Any CPU.ActiveCfg = Release|Any CPU
		{43823D26-29E2-44D5-957E-9298EC2FD9C6}.Release|Any CPU.Build.0 = Release|Any CPU
	EndGlobalSection
	GlobalSection(SolutionProperties) = preSolution
		HideSolutionNode = FALSE
	EndGlobalSection
	GlobalSection(ExtensibilityGlobals) = postSolution
		SolutionGuid = {AEA0DD92-57A4-41D7-866B-C8F080FCCD41}
	EndGlobalSection
EndGlobal
